# Built and published through the native chain; written by application-lock-* after a successful publish.
---
repository: tpl-backend
digest: sha256:b4b94f049f8414e970e3e5d82057ae0bca2982ef41db5fc7744ffdf8866b7dee
source_revision: 6ff511cdc094560e8980f59e4b3ce44c775c93bf
deployment_id: tpl-backend-b4b94f049f8414e9
