# Built and published through the native chain; written by application-lock-* after a successful publish.
---
repository: knowledge-admin-frontend
digest: sha256:211606e03b2ce97830ecea56d4b7fe00bb23ce198c5f64775c0877fe8899dc33
source_revision: df64aa5d6781c22404697eedab943792f3ddfc80
deployment_id: knowledge-admin-frontend-211606e03b2ce978
