# Built and published through the native chain; written by application-lock-* after a successful publish.
---
repository: knowledge-web-frontend
digest: sha256:876c3889f71c1dac3b399b60c3cc0758238c19e578d7d047435ac65968b41244
source_revision: 71e5b2e3d5a46b097a9666149c473363253d0bd3
deployment_id: knowledge-web-frontend-876c3889f71c1dac
