# Built and published through the native chain; written by application-lock-* after a successful publish.
---
repository: knowledge-web-frontend
digest: sha256:a35fd8c0c7f1d7df539fdda0bad93ab78197d6abab721c8c09245c16a3338b9a
source_revision: e61eff3e2e7040ce8339d99771e4250fa21514e7
deployment_id: knowledge-web-frontend-a35fd8c0c7f1d7df
