# Built and published through the native chain; written by application-lock-* after a successful publish.
---
repository: investment-web-frontend
digest: sha256:15be7010c8d2a5fbbde714936418a76096e16b16cbdae9e279d80b3e7af326f9
source_revision: 2095c04927a1510efc54bef5ffd28e0c52d25558
deployment_id: investment-web-frontend-15be7010c8d2a5fb
