# Built and published through the native chain; written by application-lock-* after a successful publish.
---
repository: investment-web-frontend
digest: sha256:d88900e23d29c60afb4b4539c0e17a98f797b55b6c24cbd7d4812794ce3c4884
source_revision: 18e4268b25d1eb4e7fc70f285d517f762309b932
deployment_id: investment-web-frontend-d88900e23d29c60a
