# Built and published through the native chain; written by application-lock-* after a successful publish.
---
repository: relay
digest: sha256:531d417826292336c034c7378fcb7347799a6e54e0a48e9b08fdb36757c1afc2
source_revision: a43473f162195a7be7202ec382b0b13b16985b6f
deployment_id: relay-531d417826292336
