# Built and published through the native chain; written by application-lock-* after a successful publish.
---
repository: knowledge-backend
digest: sha256:71aad8b47ada3ea90363f485850dc7153f7ad0cb075a255619e7a1f6916a7681
source_revision: c2ba6ff020e89e3afaca2541976d1717d619d5fe
deployment_id: knowledge-backend-71aad8b47ada3ea9
