# Built and published through the native chain; written by application-lock-* after a successful publish.
---
repository: knowledge-backend
digest: sha256:d88fee857408281a6d5188bd48e58d42f6662f6a5bf50a10b84703613a4b69a3
source_revision: 85409177b85bfc51bb710a68f5be3740c7dbd3e4
deployment_id: knowledge-backend-d88fee857408281a
