# Built and published through the native chain; written by application-lock-* after a successful publish.
---
repository: tpl-admin-frontend
digest: sha256:0efb051259f292bd9f438c983210410f072b0885a80f6267b0d62a66ed199d28
source_revision: 3a0c88fbe3475d2eaf38732c48f30ff53a5aa650
deployment_id: tpl-admin-frontend-0efb051259f292bd
