# Built and published through the native chain; written by application-lock-* after a successful publish.
---
repository: sandbox-provisioner
digest: sha256:3459b0b56fd5ac6be357137e69267a6094cc42475bfdd23ed92d49d7021b5f82
source_revision: 30e965a1626270af1521c5fdc991debafa51464d
deployment_id: sandbox-provisioner-3459b0b56fd5ac6b
