# Built and published through the native chain; written by application-lock-* after a successful publish.
---
repository: sandbox-provisioner
digest: sha256:0a665ec737775adaf56a8c05e70f2bbb62baecadc0a932ed48ea827f5868d004
source_revision: b23ea80b24c0c3b866bb346277a870028ed58b42
deployment_id: sandbox-provisioner-0a665ec737775ada
