# 供给器镜像。现在钉的是旧 KIND 的 app-images/sandbox-provisioner；按 fable 源码重建后由 component-lock 改写成 platform/sandbox-provisioner。
# 沙箱镜像另在 ../sandbox/image.lock.yaml。
---
harbor_project: app-images
repository: sandbox-provisioner
digest: sha256:d8aa2a3951bae9b64f67cb3845de4a84ecb09a22cac1fc197eb5df1f8fe81b0b
source_revision: kind-sandbox-provisioner-v1-r1
deployment_id: sandbox-provisioner-v1-r1
