# Built and published through the native chain; written by application-lock-* after a successful publish.
---
repository: tpl-web-frontend
digest: sha256:39650d73027cecb76cf0bb9b883edde36131739cbca01667a6a0334e7d828cfb
source_revision: a398a63b52af7e46d27a7d6837e00010434d4553
deployment_id: tpl-web-frontend-39650d73027cecb7
