# Built and published through the native chain; written by application-lock-* after a successful publish.
---
repository: info-admin-frontend
digest: sha256:c7c096d48d0a458e968bc98bee1ff47fb8d2cf8039991f06c7887a108b3e4194
source_revision: 27bc4c9af7aa0563f4573571e7e8c81a31d6efce
deployment_id: info-admin-frontend-c7c096d48d0a458e
