# Built and published through the native chain; written by application-lock-* after a successful publish.
---
repository: investment-backend
digest: sha256:09405580a3d61058b0693b741c93ccf68fce29b9d6089f3e990f0a3e0472e615
source_revision: 1c9f99f56fa9c4b6789c6a9ab1afb759f26980ac
deployment_id: investment-backend-09405580a3d61058
