# Built and published through the native chain; written by application-lock-* after a successful publish.
---
repository: investment-admin-frontend
digest: sha256:7d8e65f691228af1dde02515bd3a85cc89d94e19852d1ade1849fffa707ac1e7
source_revision: b0f4c5de8450e6e17bb8d5ef846dcb76f4d01093
deployment_id: investment-admin-frontend-7d8e65f691228af1
