# Built and published through the native chain; written by application-lock-* after a successful publish.
---
repository: investment-admin-frontend
digest: sha256:7060113659a092b1d3d18e940e0b564127b5a41ac1fec283eb249017c9dd7aa9
source_revision: 469cadc90ed21a075dac52c60371f1063f0b8880
deployment_id: investment-admin-frontend-7060113659a092b1
