# Built and published through the native chain; written by application-lock-* after a successful publish.
---
repository: sandbox
digest: sha256:e758ccb23d40e07f53c4e26b9473bb26d5425ef80848e15d5a7ca4eb88a75c3b
source_revision: e3ce871f96d160aa2017960e98d176c102b991e4
deployment_id: sandbox-e758ccb23d40e07f
