# Built and published through the native chain; written by application-lock-* after a successful publish.
---
repository: info-backend
digest: sha256:b470e2fd4f17a65c038bd9547626dc6a822675c3d2ad47e1fbbad62f3268546c
source_revision: 87062b7a673a1fbc21b34122013f5cdebede08a6
deployment_id: info-backend-b470e2fd4f17a65c
