# Built and published through the native chain; written by application-lock-* after a successful publish.
---
repository: info-backend
digest: sha256:9e536b0ad5e4d35e1070a0cdcad724c0a669d6e09aac7de8653803701633ffb5
source_revision: 89d6598ebdc964d0b26548713331c2fd8d92e6ef
deployment_id: info-backend-9e536b0ad5e4d35e
